
Microsoft Visual Studio Solution File, Format Version 12.00
# Visual Studio Version 16
VisualStudioVersion = 16.0.32510.428
MinimumVisualStudioVersion = 10.0.40219.1
Project("{FAE04EC0-301F-11D3-BF4B-00C04F79EFBC}") = "JWT", "JWT.csproj", "{FC56490D-0717-4CFB-B3A0-9E7E2A3A5FCA}"
EndProject
Global
	GlobalSection(SolutionConfigurationPlatforms) = preSolution
		Debug|Any CPU = Debug|Any CPU
		Release|Any CPU = Release|Any CPU
	EndGlobalSection
	GlobalSection(ProjectConfigurationPlatforms) = postSolution
		{FC56490D-0717-4CFB-B3A0-9E7E2A3A5FCA}.Debug|Any CPU.ActiveCfg = Debug|Any CPU
		{FC56490D-0717-4CFB-B3A0-9E7E2A3A5FCA}.Debug|Any CPU.Build.0 = Debug|Any CPU
		{FC56490D-0717-4CFB-B3A0-9E7E2A3A5FCA}.Release|Any CPU.ActiveCfg = Release|Any CPU
		{FC56490D-0717-4CFB-B3A0-9E7E2A3A5FCA}.Release|Any CPU.Build.0 = Release|Any CPU
	EndGlobalSection
	GlobalSection(SolutionProperties) = preSolution
		HideSolutionNode = FALSE
	EndGlobalSection
	GlobalSection(ExtensibilityGlobals) = postSolution
		SolutionGuid = {529F911E-D2D9-488C-B251-2C7B02534F49}
	EndGlobalSection
EndGlobal
